
Microsoft Visual Studio Solution File, Format Version 12.00
# Visual Studio 2015
Project("{FAE04EC0-301F-11D3-BF4B-00C04F79EFBC}") = "Teste_RVAU.CSharp", "Teste_RVAU.CSharp.csproj", "{3A1680E1-C655-CC53-8B2B-533A4DFB9299}"
EndProject
Project("{FAE04EC0-301F-11D3-BF4B-00C04F79EFBC}") = "Teste_RVAU.CSharp.Editor", "Teste_RVAU.CSharp.Editor.csproj", "{6DA2B367-D789-7CD6-DA63-832FEBF306ED}"
EndProject
Global
	GlobalSection(SolutionConfigurationPlatforms) = preSolution
		Debug|Any CPU = Debug|Any CPU
		Release|Any CPU = Release|Any CPU
	EndGlobalSection
	GlobalSection(ProjectConfigurationPlatforms) = postSolution
		{3A1680E1-C655-CC53-8B2B-533A4DFB9299}.Debug|Any CPU.ActiveCfg = Debug|Any CPU
		{3A1680E1-C655-CC53-8B2B-533A4DFB9299}.Debug|Any CPU.Build.0 = Debug|Any CPU
		{3A1680E1-C655-CC53-8B2B-533A4DFB9299}.Release|Any CPU.ActiveCfg = Release|Any CPU
		{3A1680E1-C655-CC53-8B2B-533A4DFB9299}.Release|Any CPU.Build.0 = Release|Any CPU
		{6DA2B367-D789-7CD6-DA63-832FEBF306ED}.Debug|Any CPU.ActiveCfg = Debug|Any CPU
		{6DA2B367-D789-7CD6-DA63-832FEBF306ED}.Debug|Any CPU.Build.0 = Debug|Any CPU
		{6DA2B367-D789-7CD6-DA63-832FEBF306ED}.Release|Any CPU.ActiveCfg = Release|Any CPU
		{6DA2B367-D789-7CD6-DA63-832FEBF306ED}.Release|Any CPU.Build.0 = Release|Any CPU
	EndGlobalSection
	GlobalSection(SolutionProperties) = preSolution
		HideSolutionNode = FALSE
	EndGlobalSection
EndGlobal
